
Microsoft Visual Studio Solution File, Format Version 12.00
# Visual Studio Version 17
VisualStudioVersion = 17.0.31903.59
MinimumVisualStudioVersion = 10.0.40219.1
Project("{FAE04EC0-301F-11D3-BF4B-00C04F79EFBC}") = "Core", "Core\Core.csproj", "{7EAE7DF2-B934-4815-99FF-90B6054E16E6}"
EndProject
Project("{FAE04EC0-301F-11D3-BF4B-00C04F79EFBC}") = "Web", "Web\Web.csproj", "{7D68E900-0D43-4FB0-92A1-A4BB51186A06}"
EndProject
Project("{FAE04EC0-301F-11D3-BF4B-00C04F79EFBC}") = "Web.Test", "Web.Test\Web.Test.csproj", "{F25B9081-D655-46AA-8D43-D2657720ABCB}"
EndProject
Global
	GlobalSection(SolutionConfigurationPlatforms) = preSolution
		Debug|Any CPU = Debug|Any CPU
		Release|Any CPU = Release|Any CPU
	EndGlobalSection
	GlobalSection(SolutionProperties) = preSolution
		HideSolutionNode = FALSE
	EndGlobalSection
	GlobalSection(ProjectConfigurationPlatforms) = postSolution
		{7EAE7DF2-B934-4815-99FF-90B6054E16E6}.Debug|Any CPU.ActiveCfg = Debug|Any CPU
		{7EAE7DF2-B934-4815-99FF-90B6054E16E6}.Debug|Any CPU.Build.0 = Debug|Any CPU
		{7EAE7DF2-B934-4815-99FF-90B6054E16E6}.Release|Any CPU.ActiveCfg = Release|Any CPU
		{7EAE7DF2-B934-4815-99FF-90B6054E16E6}.Release|Any CPU.Build.0 = Release|Any CPU
		{7D68E900-0D43-4FB0-92A1-A4BB51186A06}.Debug|Any CPU.ActiveCfg = Debug|Any CPU
		{7D68E900-0D43-4FB0-92A1-A4BB51186A06}.Debug|Any CPU.Build.0 = Debug|Any CPU
		{7D68E900-0D43-4FB0-92A1-A4BB51186A06}.Release|Any CPU.ActiveCfg = Release|Any CPU
		{7D68E900-0D43-4FB0-92A1-A4BB51186A06}.Release|Any CPU.Build.0 = Release|Any CPU
		{F25B9081-D655-46AA-8D43-D2657720ABCB}.Debug|Any CPU.ActiveCfg = Debug|Any CPU
		{F25B9081-D655-46AA-8D43-D2657720ABCB}.Debug|Any CPU.Build.0 = Debug|Any CPU
		{F25B9081-D655-46AA-8D43-D2657720ABCB}.Release|Any CPU.ActiveCfg = Release|Any CPU
		{F25B9081-D655-46AA-8D43-D2657720ABCB}.Release|Any CPU.Build.0 = Release|Any CPU
	EndGlobalSection
EndGlobal
